<Solution>
  <Folder Name="/ProjectFiles/">
    <File Path=".gitignore" />
    <File Path="CLAUDE.md" />
    <File Path="recommendation.md" />
  </Folder>
  <Folder Name="/TestSites/">
    <Project Path="Umbraco17.4.0/Umbraco17.4.0.csproj" />
  </Folder>
  <Project Path="Imade.Speedware.Api/Imade.Speedware.Api.csproj" />
  <Project Path="Imade.Speedware.Web/Imade.Speedware.Web.csproj" />
</Solution>
